
Microsoft Visual Studio Solution File, Format Version 12.00
# Visual Studio Version 17
VisualStudioVersion = 17.4.33122.133
MinimumVisualStudioVersion = 10.0.40219.1
Project("{FAE04EC0-301F-11D3-BF4B-00C04F79EFBC}") = "distribution", "distribution\distribution.csproj", "{F74C86F5-AF22-4977-A9CF-DA3F5E310F4C}"
EndProject
Project("{54435603-DBB4-11D2-8724-00A0C9A8B90C}") = "course_work", "course_work\course_work.vdproj", "{4FBD578C-F064-4A5C-8C07-904AE9F05164}"
EndProject
Global
	GlobalSection(SolutionConfigurationPlatforms) = preSolution
		Debug|Any CPU = Debug|Any CPU
		Release|Any CPU = Release|Any CPU
	EndGlobalSection
	GlobalSection(ProjectConfigurationPlatforms) = postSolution
		{F74C86F5-AF22-4977-A9CF-DA3F5E310F4C}.Debug|Any CPU.ActiveCfg = Debug|Any CPU
		{F74C86F5-AF22-4977-A9CF-DA3F5E310F4C}.Debug|Any CPU.Build.0 = Debug|Any CPU
		{F74C86F5-AF22-4977-A9CF-DA3F5E310F4C}.Release|Any CPU.ActiveCfg = Release|Any CPU
		{F74C86F5-AF22-4977-A9CF-DA3F5E310F4C}.Release|Any CPU.Build.0 = Release|Any CPU
		{4FBD578C-F064-4A5C-8C07-904AE9F05164}.Debug|Any CPU.ActiveCfg = Debug
		{4FBD578C-F064-4A5C-8C07-904AE9F05164}.Release|Any CPU.ActiveCfg = Release
	EndGlobalSection
	GlobalSection(SolutionProperties) = preSolution
		HideSolutionNode = FALSE
	EndGlobalSection
	GlobalSection(ExtensibilityGlobals) = postSolution
		SolutionGuid = {32E59FCB-6698-46E7-B5F3-AA1B15B361F8}
	EndGlobalSection
EndGlobal
